
Microsoft Visual Studio Solution File, Format Version 12.00
# Visual Studio Version 17
VisualStudioVersion = 17.0.32112.339
MinimumVisualStudioVersion = 10.0.40219.1
Project("{FAE04EC0-301F-11D3-BF4B-00C04F79EFBC}") = "ApplicationAvansSOA3", "ApplicationAvansSOA3\ApplicationAvansSOA3.csproj", "{1FF21454-B864-41AF-A216-ECD39FAFEAEA}"
EndProject
Project("{FAE04EC0-301F-11D3-BF4B-00C04F79EFBC}") = "TestAvansSOA3", "TestAvansSOA3\TestAvansSOA3.csproj", "{13352C1F-6ED3-4A9A-BC13-DF7ED23669F4}"
EndProject
Project("{2150E333-8FDC-42A3-9474-1A3956D46DE8}") = "Solution Items", "Solution Items", "{D89B2A99-F868-4344-A2D4-32A549723C89}"
	ProjectSection(SolutionItems) = preProject
		.gitignore = .gitignore
	EndProjectSection
EndProject
Global
	GlobalSection(SolutionConfigurationPlatforms) = preSolution
		Debug|Any CPU = Debug|Any CPU
		Release|Any CPU = Release|Any CPU
	EndGlobalSection
	GlobalSection(ProjectConfigurationPlatforms) = postSolution
		{1FF21454-B864-41AF-A216-ECD39FAFEAEA}.Debug|Any CPU.ActiveCfg = Debug|Any CPU
		{1FF21454-B864-41AF-A216-ECD39FAFEAEA}.Debug|Any CPU.Build.0 = Debug|Any CPU
		{1FF21454-B864-41AF-A216-ECD39FAFEAEA}.Release|Any CPU.ActiveCfg = Release|Any CPU
		{1FF21454-B864-41AF-A216-ECD39FAFEAEA}.Release|Any CPU.Build.0 = Release|Any CPU
		{13352C1F-6ED3-4A9A-BC13-DF7ED23669F4}.Debug|Any CPU.ActiveCfg = Debug|Any CPU
		{13352C1F-6ED3-4A9A-BC13-DF7ED23669F4}.Debug|Any CPU.Build.0 = Debug|Any CPU
		{13352C1F-6ED3-4A9A-BC13-DF7ED23669F4}.Release|Any CPU.ActiveCfg = Release|Any CPU
		{13352C1F-6ED3-4A9A-BC13-DF7ED23669F4}.Release|Any CPU.Build.0 = Release|Any CPU
	EndGlobalSection
	GlobalSection(SolutionProperties) = preSolution
		HideSolutionNode = FALSE
	EndGlobalSection
	GlobalSection(ExtensibilityGlobals) = postSolution
		SolutionGuid = {C0C6638E-12B3-41BB-AB6E-3AD2532A1AE4}
	EndGlobalSection
EndGlobal
